{
  "nodes": {
    "disko": {
      "inputs": {
        "nixpkgs": [
          "nixpkgs"
        ]
      },
      "locked": {
        "lastModified": 1705540973,
        "narHash": "sha256-kNt/qAEy7ueV7NKbVc8YMHWiQAAgrir02MROYNI8fV0=",
        "owner": "nix-community",
        "repo": "disko",
        "rev": "0033adc6e3f1ed076f3ed1c637ef1dfe6bef6733",
        "type": "github"
      },
      "original": {
        "owner": "nix-community",
        "repo": "disko",
        "type": "github"
      }
    },
    "flake-parts": {
      "inputs": {
        "nixpkgs-lib": [
          "nixpkgs"
        ]
      },
      "locked": {
        "lastModified": 1704982712,
        "narHash": "sha256-2Ptt+9h8dczgle2Oo6z5ni5rt/uLMG47UFTR1ry/wgg=",
        "owner": "hercules-ci",
        "repo": "flake-parts",
        "rev": "07f6395285469419cf9d078f59b5b49993198c00",
        "type": "github"
      },
      "original": {
        "owner": "hercules-ci",
        "repo": "flake-parts",
        "type": "github"
      }
    },
    "nixlib": {
      "locked": {
        "lastModified": 1693701915,
        "narHash": "sha256-waHPLdDYUOHSEtMKKabcKIMhlUOHPOOPQ9UyFeEoovs=",
        "owner": "nix-community",
        "repo": "nixpkgs.lib",
        "rev": "f5af57d3ef9947a70ac86e42695231ac1ad00c25",
        "type": "github"
      },
      "original": {
        "owner": "nix-community",
        "repo": "nixpkgs.lib",
        "type": "github"
      }
    },
    "nixos-generators": {
      "inputs": {
        "nixlib": "nixlib",
        "nixpkgs": [
          "nixpkgs"
        ]
      },
      "locked": {
        "lastModified": 1705400161,
        "narHash": "sha256-0MFaNIwwpVWB1N9m7cfHAM2pSVtYESQ7tlHxnDTOhM4=",
        "owner": "nix-community",
        "repo": "nixos-generators",
        "rev": "521fb4cdd8a2e1a00d1adf0fea7135d1faf04234",
        "type": "github"
      },
      "original": {
        "owner": "nix-community",
        "repo": "nixos-generators",
        "type": "github"
      }
    },
    "nixpkgs": {
      "locked": {
        "lastModified": 1705847418,
        "narHash": "sha256-I0EzjhMl5D/PI54DYhL/9iXmFmNb75M7PJ8/yrU5Z1A=",
        "owner": "NixOS",
        "repo": "nixpkgs",
        "rev": "7da66b359bcffc532b67035b54b49c25b0c0480c",
        "type": "github"
      },
      "original": {
        "owner": "NixOS",
        "ref": "nixos-unstable-small",
        "repo": "nixpkgs",
        "type": "github"
      }
    },
    "root": {
      "inputs": {
        "disko": "disko",
        "flake-parts": "flake-parts",
        "nixos-generators": "nixos-generators",
        "nixpkgs": "nixpkgs",
        "sops-nix": "sops-nix",
        "treefmt-nix": "treefmt-nix"
      }
    },
    "sops-nix": {
      "inputs": {
        "nixpkgs": [
          "nixpkgs"
        ],
        "nixpkgs-stable": []
      },
      "locked": {
        "lastModified": 1705805983,
        "narHash": "sha256-HluB9w7l75I4kK25uO4y6baY4fcDm2Rho0WI1DN2Hmc=",
        "owner": "Mic92",
        "repo": "sops-nix",
        "rev": "ae171b54e76ced88d506245249609f8c87305752",
        "type": "github"
      },
      "original": {
        "owner": "Mic92",
        "repo": "sops-nix",
        "type": "github"
      }
    },
    "treefmt-nix": {
      "inputs": {
        "nixpkgs": [
          "nixpkgs"
        ]
      },
      "locked": {
        "lastModified": 1705659004,
        "narHash": "sha256-XQsZudrb9u5Pw631U0tFYZkjq49CcwF24XT01vz2jPk=",
        "owner": "numtide",
        "repo": "treefmt-nix",
        "rev": "8cd95da6c30852adb2a06c4b6bdacfe8b64a0a35",
        "type": "github"
      },
      "original": {
        "owner": "numtide",
        "repo": "treefmt-nix",
        "type": "github"
      }
    }
  },
  "root": "root",
  "version": 7
}
